
Microsoft Visual Studio Solution File, Format Version 12.00
# Visual Studio 15
VisualStudioVersion = 15.0.28010.2016
MinimumVisualStudioVersion = 10.0.40219.1
Project("{FAE04EC0-301F-11D3-BF4B-00C04F79EFBC}") = "1", "1\1.csproj", "{C20D53C8-7355-4866-B955-07CEAB272889}"
EndProject
Project("{FAE04EC0-301F-11D3-BF4B-00C04F79EFBC}") = "2", "2\2.csproj", "{DE6C7234-0A42-4129-9635-93F06B67908D}"
EndProject
Global
	GlobalSection(SolutionConfigurationPlatforms) = preSolution
		Debug|Any CPU = Debug|Any CPU
		Release|Any CPU = Release|Any CPU
	EndGlobalSection
	GlobalSection(ProjectConfigurationPlatforms) = postSolution
		{C20D53C8-7355-4866-B955-07CEAB272889}.Debug|Any CPU.ActiveCfg = Debug|Any CPU
		{C20D53C8-7355-4866-B955-07CEAB272889}.Debug|Any CPU.Build.0 = Debug|Any CPU
		{C20D53C8-7355-4866-B955-07CEAB272889}.Release|Any CPU.ActiveCfg = Release|Any CPU
		{C20D53C8-7355-4866-B955-07CEAB272889}.Release|Any CPU.Build.0 = Release|Any CPU
		{DE6C7234-0A42-4129-9635-93F06B67908D}.Debug|Any CPU.ActiveCfg = Debug|Any CPU
		{DE6C7234-0A42-4129-9635-93F06B67908D}.Debug|Any CPU.Build.0 = Debug|Any CPU
		{DE6C7234-0A42-4129-9635-93F06B67908D}.Release|Any CPU.ActiveCfg = Release|Any CPU
		{DE6C7234-0A42-4129-9635-93F06B67908D}.Release|Any CPU.Build.0 = Release|Any CPU
	EndGlobalSection
	GlobalSection(SolutionProperties) = preSolution
		HideSolutionNode = FALSE
	EndGlobalSection
	GlobalSection(ExtensibilityGlobals) = postSolution
		SolutionGuid = {D9163B21-E6F2-4337-A48D-D3802B50B5CE}
	EndGlobalSection
EndGlobal
