
Microsoft Visual Studio Solution File, Format Version 12.00
# Visual Studio 15
VisualStudioVersion = 15.0.27703.2042
MinimumVisualStudioVersion = 10.0.40219.1
Project("{FAE04EC0-301F-11D3-BF4B-00C04F79EFBC}") = "Lab4_5", "Lab4_5\Lab4_5.csproj", "{506B4522-0782-4054-9A8E-627DA3160259}"
EndProject
Project("{FAE04EC0-301F-11D3-BF4B-00C04F79EFBC}") = "WpfControlLibrary1", "C:\Users\USER\source\repos\WpfControlLibrary1\WpfControlLibrary1\WpfControlLibrary1.csproj", "{67371621-EC0E-4ABF-BB88-7E50CC817762}"
EndProject
Global
	GlobalSection(SolutionConfigurationPlatforms) = preSolution
		Debug|Any CPU = Debug|Any CPU
		Release|Any CPU = Release|Any CPU
	EndGlobalSection
	GlobalSection(ProjectConfigurationPlatforms) = postSolution
		{506B4522-0782-4054-9A8E-627DA3160259}.Debug|Any CPU.ActiveCfg = Debug|Any CPU
		{506B4522-0782-4054-9A8E-627DA3160259}.Debug|Any CPU.Build.0 = Debug|Any CPU
		{506B4522-0782-4054-9A8E-627DA3160259}.Release|Any CPU.ActiveCfg = Release|Any CPU
		{506B4522-0782-4054-9A8E-627DA3160259}.Release|Any CPU.Build.0 = Release|Any CPU
		{67371621-EC0E-4ABF-BB88-7E50CC817762}.Debug|Any CPU.ActiveCfg = Debug|Any CPU
		{67371621-EC0E-4ABF-BB88-7E50CC817762}.Debug|Any CPU.Build.0 = Debug|Any CPU
		{67371621-EC0E-4ABF-BB88-7E50CC817762}.Release|Any CPU.ActiveCfg = Release|Any CPU
		{67371621-EC0E-4ABF-BB88-7E50CC817762}.Release|Any CPU.Build.0 = Release|Any CPU
	EndGlobalSection
	GlobalSection(SolutionProperties) = preSolution
		HideSolutionNode = FALSE
	EndGlobalSection
	GlobalSection(ExtensibilityGlobals) = postSolution
		SolutionGuid = {6A5BADAB-3F5A-4576-8153-A15241AC687E}
	EndGlobalSection
EndGlobal
