
Microsoft Visual Studio Solution File, Format Version 12.00
# Visual Studio 15
VisualStudioVersion = 15.0.26730.12
MinimumVisualStudioVersion = 10.0.40219.1
Project("{FAE04EC0-301F-11D3-BF4B-00C04F79EFBC}") = "lab8", "lab8\lab8.csproj", "{A4E7B848-A7D5-4953-BF47-C98510B16D38}"
EndProject
Global
	GlobalSection(SolutionConfigurationPlatforms) = preSolution
		Debug|Any CPU = Debug|Any CPU
		Release|Any CPU = Release|Any CPU
	EndGlobalSection
	GlobalSection(ProjectConfigurationPlatforms) = postSolution
		{A4E7B848-A7D5-4953-BF47-C98510B16D38}.Debug|Any CPU.ActiveCfg = Debug|Any CPU
		{A4E7B848-A7D5-4953-BF47-C98510B16D38}.Debug|Any CPU.Build.0 = Debug|Any CPU
		{A4E7B848-A7D5-4953-BF47-C98510B16D38}.Release|Any CPU.ActiveCfg = Release|Any CPU
		{A4E7B848-A7D5-4953-BF47-C98510B16D38}.Release|Any CPU.Build.0 = Release|Any CPU
	EndGlobalSection
	GlobalSection(SolutionProperties) = preSolution
		HideSolutionNode = FALSE
	EndGlobalSection
	GlobalSection(ExtensibilityGlobals) = postSolution
		SolutionGuid = {5629ACAF-A137-4A15-BF8E-5655CE76F7FC}
	EndGlobalSection
EndGlobal
